// !$*UTF8*$!
{
	archiveVersion = 1;
	classes = {
	};
	objectVersion = 50;
	objects = {

/* Begin PBXBuildFile section */
		D09B5D4C21196CDC007B52CC /* AppDelegate.swift in Sources */ = {isa = PBXBuildFile; fileRef = D09B5D4B21196CDC007B52CC /* AppDelegate.swift */; };
		D09B5D4E21196CDC007B52CC /* FreshViewController.swift in Sources */ = {isa = PBXBuildFile; fileRef = D09B5D4D21196CDC007B52CC /* FreshViewController.swift */; };
		D09B5D5121196CDC007B52CC /* Main.storyboard in Resources */ = {isa = PBXBuildFile; fileRef = D09B5D4F21196CDC007B52CC /* Main.storyboard */; };
		D09B5D5321196CDD007B52CC /* Assets.xcassets in Resources */ = {isa = PBXBuildFile; fileRef = D09B5D5221196CDD007B52CC /* Assets.xcassets */; };
		D09B5D5621196CDD007B52CC /* LaunchScreen.storyboard in Resources */ = {isa = PBXBuildFile; fileRef = D09B5D5421196CDD007B52CC /* LaunchScreen.storyboard */; };
/* End PBXBuildFile section */

/* Begin PBXFileReference section */
		D09B5D4821196CDC007B52CC /* PJ7-PullToFresh.app */ = {isa = PBXFileReference; explicitFileType = wrapper.application; includeInIndex = 0; path = "PJ7-PullToFresh.app"; sourceTree = BUILT_PRODUCTS_DIR; };
		D09B5D4B21196CDC007B52CC /* AppDelegate.swift */ = {isa = PBXFileReference; lastKnownFileType = sourcecode.swift; path = AppDelegate.swift; sourceTree = "<group>"; };
		D09B5D4D21196CDC007B52CC /* FreshViewController.swift */ = {isa = PBXFileReference; lastKnownFileType = sourcecode.swift; path = FreshViewController.swift; sourceTree = "<group>"; };
		D09B5D5021196CDC007B52CC /* Base */ = {isa = PBXFileReference; lastKnownFileType = file.storyboard; name = Base; path = Base.lproj/Main.storyboard; sourceTree = "<group>"; };
		D09B5D5221196CDD007B52CC /* Assets.xcassets */ = {isa = PBXFileReference; lastKnownFileType = folder.assetcatalog; path = Assets.xcassets; sourceTree = "<group>"; };
		D09B5D5521196CDD007B52CC /* Base */ = {isa = PBXFileReference; lastKnownFileType = file.storyboard; name = Base; path = Base.lproj/LaunchScreen.storyboard; sourceTree = "<group>"; };
		D09B5D5721196CDD007B52CC /* Info.plist */ = {isa = PBXFileReference; lastKnownFileType = text.plist.xml; path = Info.plist; sourceTree = "<group>"; };
/* End PBXFileReference section */

/* Begin PBXFrameworksBuildPhase section */
		D09B5D4521196CDC007B52CC /* Frameworks */ = {
			isa = PBXFrameworksBuildPhase;
			buildActionMask = 2147483647;
			files = (
			);
			runOnlyForDeploymentPostprocessing = 0;
		};
/* End PBXFrameworksBuildPhase section */

/* Begin PBXGroup section */
		D09B5D3F21196CDC007B52CC = {
			isa = PBXGroup;
			children = (
				D09B5D4A21196CDC007B52CC /* PJ7-PullToFresh */,
				D09B5D4921196CDC007B52CC /* Products */,
			);
			sourceTree = "<group>";
		};
		D09B5D4921196CDC007B52CC /* Products */ = {
			isa = PBXGroup;
			children = (
				D09B5D4821196CDC007B52CC /* PJ7-PullToFresh.app */,
			);
			name = Products;
			sourceTree = "<group>";
		};
		D09B5D4A21196CDC007B52CC /* PJ7-PullToFresh */ = {
			isa = PBXGroup;
			children = (
				D09B5D4B21196CDC007B52CC /* AppDelegate.swift */,
				D09B5D4D21196CDC007B52CC /* FreshViewController.swift */,
				D09B5D4F21196CDC007B52CC /* Main.storyboard */,
				D09B5D5221196CDD007B52CC /* Assets.xcassets */,
				D09B5D5421196CDD007B52CC /* LaunchScreen.storyboard */,
				D09B5D5721196CDD007B52CC /* Info.plist */,
			);
			path = "PJ7-PullToFresh";
			sourceTree = "<group>";
		};
/* End PBXGroup section */

/* Begin PBXNativeTarget section */
		D09B5D4721196CDC007B52CC /* PJ7-PullToFresh */ = {
			isa = PBXNativeTarget;
			buildConfigurationList = D09B5D5A21196CDD007B52CC /* Build configuration list for PBXNativeTarget "PJ7-PullToFresh" */;
			buildPhases = (
				D09B5D4421196CDC007B52CC /* Sources */,
				D09B5D4521196CDC007B52CC /* Frameworks */,
				D09B5D4621196CDC007B52CC /* Resources */,
			);
			buildRules = (
			);
			dependencies = (
			);
			name = "PJ7-PullToFresh";
			productName = "PJ7-PullToFresh";
			productReference = D09B5D4821196CDC007B52CC /* PJ7-PullToFresh.app */;
			productType = "com.apple.product-type.application";
		};
/* End PBXNativeTarget section */

/* Begin PBXProject section */
		D09B5D4021196CDC007B52CC /* Project object */ = {
			isa = PBXProject;
			attributes = {
				LastSwiftUpdateCheck = 0940;
				LastUpgradeCheck = 0940;
				ORGANIZATIONNAME = Peter;
				TargetAttributes = {
					D09B5D4721196CDC007B52CC = {
						CreatedOnToolsVersion = 9.4.1;
					};
				};
			};
			buildConfigurationList = D09B5D4321196CDC007B52CC /* Build configuration list for PBXProject "PJ7-PullToFresh" */;
			compatibilityVersion = "Xcode 9.3";
			developmentRegion = en;
			hasScannedForEncodings = 0;
			knownRegions = (
				en,
				Base,
			);
			mainGroup = D09B5D3F21196CDC007B52CC;
			productRefGroup = D09B5D4921196CDC007B52CC /* Products */;
			projectDirPath = "";
			projectRoot = "";
			targets = (
				D09B5D4721196CDC007B52CC /* PJ7-PullToFresh */,
			);
		};
/* End PBXProject section */

/* Begin PBXResourcesBuildPhase section */
		D09B5D4621196CDC007B52CC /* Resources */ = {
			isa = PBXResourcesBuildPhase;
			buildActionMask = 2147483647;
			files = (
				D09B5D5621196CDD007B52CC /* LaunchScreen.storyboard in Resources */,
				D09B5D5321196CDD007B52CC /* Assets.xcassets in Resources */,
				D09B5D5121196CDC007B52CC /* Main.storyboard in Resources */,
			);
			runOnlyForDeploymentPostprocessing = 0;
		};
/* End PBXResourcesBuildPhase section */

/* Begin PBXSourcesBuildPhase section */
		D09B5D4421196CDC007B52CC /* Sources */ = {
			isa = PBXSourcesBuildPhase;
			buildActionMask = 2147483647;
			files = (
				D09B5D4E21196CDC007B52CC /* FreshViewController.swift in Sources */,
				D09B5D4C21196CDC007B52CC /* AppDelegate.swift in Sources */,
			);
			runOnlyForDeploymentPostprocessing = 0;
		};
/* End PBXSourcesBuildPhase section */

/* Begin PBXVariantGroup section */
		D09B5D4F21196CDC007B52CC /* Main.storyboard */ = {
			isa = PBXVariantGroup;
			children = (
				D09B5D5021196CDC007B52CC /* Base */,
			);
			name = Main.storyboard;
			sourceTree = "<group>";
		};
		D09B5D5421196CDD007B52CC /* LaunchScreen.storyboard */ = {
			isa = PBXVariantGroup;
			children = (
				D09B5D5521196CDD007B52CC /* Base */,
			);
			name = LaunchScreen.storyboard;
			sourceTree = "<group>";
		};
/* End PBXVariantGroup section */

/* Begin XCBuildConfiguration section */
		D09B5D5821196CDD007B52CC /* Debug */ = {
			isa = XCBuildConfiguration;
			buildSettings = {
				ALWAYS_SEARCH_USER_PATHS = NO;
				CLANG_ANALYZER_NONNULL = YES;
				CLANG_ANALYZER_NUMBER_OBJECT_CONVERSION = YES_AGGRESSIVE;
				CLANG_CXX_LANGUAGE_STANDARD = "gnu++14";
				CLANG_CXX_LIBRARY = "libc++";
				CLANG_ENABLE_MODULES = YES;
				CLANG_ENABLE_OBJC_ARC = YES;
				CLANG_ENABLE_OBJC_WEAK = YES;
				CLANG_WARN_BLOCK_CAPTURE_AUTORELEASING = YES;
				CLANG_WARN_BOOL_CONVERSION = YES;
				CLANG_WARN_COMMA = YES;
				CLANG_WARN_CONSTANT_CONVERSION = YES;
				CLANG_WARN_DEPRECATED_OBJC_IMPLEMENTATIONS = YES;
				CLANG_WARN_DIRECT_OBJC_ISA_USAGE = YES_ERROR;
				CLANG_WARN_DOCUMENTATION_COMMENTS = YES;
				CLANG_WARN_EMPTY_BODY = YES;
				CLANG_WARN_ENUM_CONVERSION = YES;
				CLANG_WARN_INFINITE_RECURSION = YES;
				CLANG_WARN_INT_CONVERSION = YES;
				CLANG_WARN_NON_LITERAL_NULL_CONVERSION = YES;
				CLANG_WARN_OBJC_IMPLICIT_RETAIN_SELF = YES;
				CLANG_WARN_OBJC_LITERAL_CONVERSION = YES;
				CLANG_WARN_OBJC_ROOT_CLASS = YES_ERROR;
				CLANG_WARN_RANGE_LOOP_ANALYSIS = YES;
				CLANG_WARN_STRICT_PROTOTYPES = YES;
				CLANG_WARN_SUSPICIOUS_MOVE = YES;
				CLANG_WARN_UNGUARDED_AVAILABILITY = YES_AGGRESSIVE;
				CLANG_WARN_UNREACHABLE_CODE = YES;
				CLANG_WARN__DUPLICATE_METHOD_MATCH = YES;
				CODE_SIGN_IDENTITY = "iPhone Developer";
				COPY_PHASE_STRIP = NO;
				DEBUG_INFORMATION_FORMAT = dwarf;
				ENABLE_STRICT_OBJC_MSGSEND = YES;
				ENABLE_TESTABILITY = YES;
				GCC_C_LANGUAGE_STANDARD = gnu11;
				GCC_DYNAMIC_NO_PIC = NO;
				GCC_NO_COMMON_BLOCKS = YES;
				GCC_OPTIMIZATION_LEVEL = 0;
				GCC_PREPROCESSOR_DEFINITIONS = (
					"DEBUG=1",
					"$(inherited)",
				);
				GCC_WARN_64_TO_32_BIT_CONVERSION = YES;
				GCC_WARN_ABOUT_RETURN_TYPE = YES_ERROR;
				GCC_WARN_UNDECLARED_SELECTOR = YES;
				GCC_WARN_UNINITIALIZED_AUTOS = YES_AGGRESSIVE;
				GCC_WARN_UNUSED_FUNCTION = YES;
				GCC_WARN_UNUSED_VARIABLE = YES;
				IPHONEOS_DEPLOYMENT_TARGET = 11.4;
				MTL_ENABLE_DEBUG_INFO = YES;
				ONLY_ACTIVE_ARCH = YES;
				SDKROOT = iphoneos;
				SWIFT_ACTIVE_COMPILATION_CONDITIONS = DEBUG;
				SWIFT_OPTIMIZATION_LEVEL = "-Onone";
			};
			name = Debug;
		};
		D09B5D5921196CDD007B52CC /* Release */ = {
			isa = XCBuildConfiguration;
			buildSettings = {
				ALWAYS_SEARCH_USER_PATHS = NO;
				CLANG_ANALYZER_NONNULL = YES;
				CLANG_ANALYZER_NUMBER_OBJECT_CONVERSION = YES_AGGRESSIVE;
				CLANG_CXX_LANGUAGE_STANDARD = "gnu++14";
				CLANG_CXX_LIBRARY = "libc++";
				CLANG_ENABLE_MODULES = YES;
				CLANG_ENABLE_OBJC_ARC = YES;
				CLANG_ENABLE_OBJC_WEAK = YES;
				CLANG_WARN_BLOCK_CAPTURE_AUTORELEASING = YES;
				CLANG_WARN_BOOL_CONVERSION = YES;
				CLANG_WARN_COMMA = YES;
				CLANG_WARN_CONSTANT_CONVERSION = YES;
				CLANG_WARN_DEPRECATED_OBJC_IMPLEMENTATIONS = YES;
				CLANG_WARN_DIRECT_OBJC_ISA_USAGE = YES_ERROR;
				CLANG_WARN_DOCUMENTATION_COMMENTS = YES;
				CLANG_WARN_EMPTY_BODY = YES;
				CLANG_WARN_ENUM_CONVERSION = YES;
				CLANG_WARN_INFINITE_RECURSION = YES;
				CLANG_WARN_INT_CONVERSION = YES;
				CLANG_WARN_NON_LITERAL_NULL_CONVERSION = YES;
				CLANG_WARN_OBJC_IMPLICIT_RETAIN_SELF = YES;
				CLANG_WARN_OBJC_LITERAL_CONVERSION = YES;
				CLANG_WARN_OBJC_ROOT_CLASS = YES_ERROR;
				CLANG_WARN_RANGE_LOOP_ANALYSIS = YES;
				CLANG_WARN_STRICT_PROTOTYPES = YES;
				CLANG_WARN_SUSPICIOUS_MOVE = YES;
				CLANG_WARN_UNGUARDED_AVAILABILITY = YES_AGGRESSIVE;
				CLANG_WARN_UNREACHABLE_CODE = YES;
				CLANG_WARN__DUPLICATE_METHOD_MATCH = YES;
				CODE_SIGN_IDENTITY = "iPhone Developer";
				COPY_PHASE_STRIP = NO;
				DEBUG_INFORMATION_FORMAT = "dwarf-with-dsym";
				ENABLE_NS_ASSERTIONS = NO;
				ENABLE_STRICT_OBJC_MSGSEND = YES;
				GCC_C_LANGUAGE_STANDARD = gnu11;
				GCC_NO_COMMON_BLOCKS = YES;
				GCC_WARN_64_TO_32_BIT_CONVERSION = YES;
				GCC_WARN_ABOUT_RETURN_TYPE = YES_ERROR;
				GCC_WARN_UNDECLARED_SELECTOR = YES;
				GCC_WARN_UNINITIALIZED_AUTOS = YES_AGGRESSIVE;
				GCC_WARN_UNUSED_FUNCTION = YES;
				GCC_WARN_UNUSED_VARIABLE = YES;
				IPHONEOS_DEPLOYMENT_TARGET = 11.4;
				MTL_ENABLE_DEBUG_INFO = NO;
				SDKROOT = iphoneos;
				SWIFT_COMPILATION_MODE = wholemodule;
				SWIFT_OPTIMIZATION_LEVEL = "-O";
				VALIDATE_PRODUCT = YES;
			};
			name = Release;
		};
		D09B5D5B21196CDD007B52CC /* Debug */ = {
			isa = XCBuildConfiguration;
			buildSettings = {
				ASSETCATALOG_COMPILER_APPICON_NAME = AppIcon;
				CODE_SIGN_STYLE = Automatic;
				INFOPLIST_FILE = "PJ7-PullToFresh/Info.plist";
				LD_RUNPATH_SEARCH_PATHS = (
					"$(inherited)",
					"@executable_path/Frameworks",
				);
				PRODUCT_BUNDLE_IDENTIFIER = "com.peter.PJ7-PullToFresh";
				PRODUCT_NAME = "$(TARGET_NAME)";
				SWIFT_VERSION = 4.0;
				TARGETED_DEVICE_FAMILY = "1,2";
			};
			name = Debug;
		};
		D09B5D5C21196CDD007B52CC /* Release */ = {
			isa = XCBuildConfiguration;
			buildSettings = {
				ASSETCATALOG_COMPILER_APPICON_NAME = AppIcon;
				CODE_SIGN_STYLE = Automatic;
				INFOPLIST_FILE = "PJ7-PullToFresh/Info.plist";
				LD_RUNPATH_SEARCH_PATHS = (
					"$(inherited)",
					"@executable_path/Frameworks",
				);
				PRODUCT_BUNDLE_IDENTIFIER = "com.peter.PJ7-PullToFresh";
				PRODUCT_NAME = "$(TARGET_NAME)";
				SWIFT_VERSION = 4.0;
				TARGETED_DEVICE_FAMILY = "1,2";
			};
			name = Release;
		};
/* End XCBuildConfiguration section */

/* Begin XCConfigurationList section */
		D09B5D4321196CDC007B52CC /* Build configuration list for PBXProject "PJ7-PullToFresh" */ = {
			isa = XCConfigurationList;
			buildConfigurations = (
				D09B5D5821196CDD007B52CC /* Debug */,
				D09B5D5921196CDD007B52CC /* Release */,
			);
			defaultConfigurationIsVisible = 0;
			defaultConfigurationName = Release;
		};
		D09B5D5A21196CDD007B52CC /* Build configuration list for PBXNativeTarget "PJ7-PullToFresh" */ = {
			isa = XCConfigurationList;
			buildConfigurations = (
				D09B5D5B21196CDD007B52CC /* Debug */,
				D09B5D5C21196CDD007B52CC /* Release */,
			);
			defaultConfigurationIsVisible = 0;
			defaultConfigurationName = Release;
		};
/* End XCConfigurationList section */
	};
	rootObject = D09B5D4021196CDC007B52CC /* Project object */;
}
